// !$*UTF8*$!
{
	archiveVersion = 1;
	classes = {
	};
	objectVersion = 48;
	objects = {

/* Begin PBXBuildFile section */
		0208D44B2034B13A009C8181 /* ShipManager.cpp in Sources */ = {isa = PBXBuildFile; fileRef = 0208D4492034B13A009C8181 /* ShipManager.cpp */; };
		020C4921203DFCF100C4A41B /* UIManager.cpp in Sources */ = {isa = PBXBuildFile; fileRef = 020C491F203DFCF100C4A41B /* UIManager.cpp */; };
		020CF625200DCEE10095E611 /* main.cpp in Sources */ = {isa = PBXBuildFile; fileRef = 020CF624200DCEE10095E611 /* main.cpp */; };
		0210E9E1201F011B00F5E497 /* Map.cpp in Sources */ = {isa = PBXBuildFile; fileRef = 0210E9DF201F011A00F5E497 /* Map.cpp */; };
		02AA853E2030ECA6009F5DA1 /* PlanetManager.cpp in Sources */ = {isa = PBXBuildFile; fileRef = 02AA85382030ECA6009F5DA1 /* PlanetManager.cpp */; };
		02AA853F2030ECA6009F5DA1 /* Planet.cpp in Sources */ = {isa = PBXBuildFile; fileRef = 02AA85392030ECA6009F5DA1 /* Planet.cpp */; };
		02AA85402030ECA6009F5DA1 /* Ship.cpp in Sources */ = {isa = PBXBuildFile; fileRef = 02AA853A2030ECA6009F5DA1 /* Ship.cpp */; };
		02AC9C00204669DC00907514 /* ColliderComponent.cpp in Sources */ = {isa = PBXBuildFile; fileRef = 02AC9BFE204669DC00907514 /* ColliderComponent.cpp */; };
		02DA48C720426A8400EF7EBB /* SDL2_ttf.framework in Frameworks */ = {isa = PBXBuildFile; fileRef = 02DA48C620426A8300EF7EBB /* SDL2_ttf.framework */; };
		02DFDC4E200DD09E00A136AF /* SDL2.framework in Frameworks */ = {isa = PBXBuildFile; fileRef = 02DFDC4D200DD09E00A136AF /* SDL2.framework */; };
		02DFDC50200DD0A900A136AF /* SDL2_image.framework in Frameworks */ = {isa = PBXBuildFile; fileRef = 02DFDC4F200DD0A900A136AF /* SDL2_image.framework */; };
		02DFDC5A200DD16000A136AF /* Game.cpp in Sources */ = {isa = PBXBuildFile; fileRef = 02DFDC53200DD16000A136AF /* Game.cpp */; };
		02DFDC5B200DD16000A136AF /* GameObject.cpp in Sources */ = {isa = PBXBuildFile; fileRef = 02DFDC55200DD16000A136AF /* GameObject.cpp */; };
		02DFDC5C200DD16000A136AF /* TextureManager.cpp in Sources */ = {isa = PBXBuildFile; fileRef = 02DFDC57200DD16000A136AF /* TextureManager.cpp */; };
		9138E32320433371009C3D6D /* PlanetInfo.cpp in Sources */ = {isa = PBXBuildFile; fileRef = 9138E32120433371009C3D6D /* PlanetInfo.cpp */; };
		9175F95320421E6A008D9828 /* TextBox.cpp in Sources */ = {isa = PBXBuildFile; fileRef = 9175F95120421E6A008D9828 /* TextBox.cpp */; };
/* End PBXBuildFile section */

/* Begin PBXCopyFilesBuildPhase section */
		020CF61F200DCEE10095E611 /* CopyFiles */ = {
			isa = PBXCopyFilesBuildPhase;
			buildActionMask = 2147483647;
			dstPath = /usr/share/man/man1/;
			dstSubfolderSpec = 0;
			files = (
			);
			runOnlyForDeploymentPostprocessing = 1;
		};
/* End PBXCopyFilesBuildPhase section */

/* Begin PBXFileReference section */
		0208D4492034B13A009C8181 /* ShipManager.cpp */ = {isa = PBXFileReference; lastKnownFileType = sourcecode.cpp.cpp; path = ShipManager.cpp; sourceTree = "<group>"; };
		0208D44A2034B13A009C8181 /* ShipManager.hpp */ = {isa = PBXFileReference; lastKnownFileType = sourcecode.cpp.h; path = ShipManager.hpp; sourceTree = "<group>"; };
		020C491F203DFCF100C4A41B /* UIManager.cpp */ = {isa = PBXFileReference; lastKnownFileType = sourcecode.cpp.cpp; path = UIManager.cpp; sourceTree = "<group>"; };
		020C4920203DFCF100C4A41B /* UIManager.hpp */ = {isa = PBXFileReference; lastKnownFileType = sourcecode.cpp.h; path = UIManager.hpp; sourceTree = "<group>"; };
		020C4922203E61E400C4A41B /* playerShip.png */ = {isa = PBXFileReference; lastKnownFileType = image.png; path = playerShip.png; sourceTree = "<group>"; };
		020C4923203E61E400C4A41B /* movingPlayerShip.png */ = {isa = PBXFileReference; lastKnownFileType = image.png; path = movingPlayerShip.png; sourceTree = "<group>"; };
		020CF621200DCEE10095E611 /* Astral Pathfinder */ = {isa = PBXFileReference; explicitFileType = "compiled.mach-o.executable"; includeInIndex = 0; path = "Astral Pathfinder"; sourceTree = BUILT_PRODUCTS_DIR; };
		020CF624200DCEE10095E611 /* main.cpp */ = {isa = PBXFileReference; lastKnownFileType = sourcecode.cpp.cpp; path = main.cpp; sourceTree = "<group>"; };
		0210E9DF201F011A00F5E497 /* Map.cpp */ = {isa = PBXFileReference; fileEncoding = 4; lastKnownFileType = sourcecode.cpp.cpp; path = Map.cpp; sourceTree = "<group>"; };
		0210E9E0201F011A00F5E497 /* Map.hpp */ = {isa = PBXFileReference; fileEncoding = 4; lastKnownFileType = sourcecode.cpp.h; path = Map.hpp; sourceTree = "<group>"; };
		02674CB820194C7300A4B6F0 /* Documentation */ = {isa = PBXFileReference; lastKnownFileType = folder; path = Documentation; sourceTree = "<group>"; };
		0279AC2D201AC0A700ECE4AE /* gameScreen.png */ = {isa = PBXFileReference; lastKnownFileType = image.png; path = gameScreen.png; sourceTree = "<group>"; };
		02AA85382030ECA6009F5DA1 /* PlanetManager.cpp */ = {isa = PBXFileReference; fileEncoding = 4; lastKnownFileType = sourcecode.cpp.cpp; path = PlanetManager.cpp; sourceTree = "<group>"; };
		02AA85392030ECA6009F5DA1 /* Planet.cpp */ = {isa = PBXFileReference; fileEncoding = 4; lastKnownFileType = sourcecode.cpp.cpp; path = Planet.cpp; sourceTree = "<group>"; };
		02AA853A2030ECA6009F5DA1 /* Ship.cpp */ = {isa = PBXFileReference; fileEncoding = 4; lastKnownFileType = sourcecode.cpp.cpp; path = Ship.cpp; sourceTree = "<group>"; };
		02AA853B2030ECA6009F5DA1 /* Ship.hpp */ = {isa = PBXFileReference; fileEncoding = 4; lastKnownFileType = sourcecode.cpp.h; path = Ship.hpp; sourceTree = "<group>"; };
		02AA853C2030ECA6009F5DA1 /* Planet.hpp */ = {isa = PBXFileReference; fileEncoding = 4; lastKnownFileType = sourcecode.cpp.h; path = Planet.hpp; sourceTree = "<group>"; };
		02AA853D2030ECA6009F5DA1 /* PlanetManager.hpp */ = {isa = PBXFileReference; fileEncoding = 4; lastKnownFileType = sourcecode.cpp.h; path = PlanetManager.hpp; sourceTree = "<group>"; };
		02AC9BFE204669DC00907514 /* ColliderComponent.cpp */ = {isa = PBXFileReference; lastKnownFileType = sourcecode.cpp.cpp; path = ColliderComponent.cpp; sourceTree = "<group>"; };
		02AC9BFF204669DC00907514 /* ColliderComponent.hpp */ = {isa = PBXFileReference; lastKnownFileType = sourcecode.cpp.h; path = ColliderComponent.hpp; sourceTree = "<group>"; };
		02DA48C620426A8300EF7EBB /* SDL2_ttf.framework */ = {isa = PBXFileReference; lastKnownFileType = wrapper.framework; name = SDL2_ttf.framework; path = ../../../../../../Library/Frameworks/SDL2_ttf.framework; sourceTree = "<group>"; };
		02DFDC4D200DD09E00A136AF /* SDL2.framework */ = {isa = PBXFileReference; lastKnownFileType = wrapper.framework; name = SDL2.framework; path = ../../../../../../Library/Frameworks/SDL2.framework; sourceTree = "<group>"; };
		02DFDC4F200DD0A900A136AF /* SDL2_image.framework */ = {isa = PBXFileReference; lastKnownFileType = wrapper.framework; name = SDL2_image.framework; path = ../../../../../../Library/Frameworks/SDL2_image.framework; sourceTree = "<group>"; };
		02DFDC51200DD16000A136AF /* TextureManager.hpp */ = {isa = PBXFileReference; fileEncoding = 4; lastKnownFileType = sourcecode.cpp.h; path = TextureManager.hpp; sourceTree = "<group>"; };
		02DFDC53200DD16000A136AF /* Game.cpp */ = {isa = PBXFileReference; fileEncoding = 4; lastKnownFileType = sourcecode.cpp.cpp; path = Game.cpp; sourceTree = "<group>"; };
		02DFDC54200DD16000A136AF /* Game.hpp */ = {isa = PBXFileReference; fileEncoding = 4; lastKnownFileType = sourcecode.cpp.h; path = Game.hpp; sourceTree = "<group>"; };
		02DFDC55200DD16000A136AF /* GameObject.cpp */ = {isa = PBXFileReference; fileEncoding = 4; lastKnownFileType = sourcecode.cpp.cpp; path = GameObject.cpp; sourceTree = "<group>"; };
		02DFDC56200DD16000A136AF /* parameters.h */ = {isa = PBXFileReference; fileEncoding = 4; lastKnownFileType = sourcecode.c.h; path = parameters.h; sourceTree = "<group>"; };
		02DFDC57200DD16000A136AF /* TextureManager.cpp */ = {isa = PBXFileReference; fileEncoding = 4; lastKnownFileType = sourcecode.cpp.cpp; path = TextureManager.cpp; sourceTree = "<group>"; };
		02DFDC58200DD16000A136AF /* GameObject.hpp */ = {isa = PBXFileReference; fileEncoding = 4; lastKnownFileType = sourcecode.cpp.h; path = GameObject.hpp; sourceTree = "<group>"; };
		02DFDC5E200DD34700A136AF /* planet.png */ = {isa = PBXFileReference; lastKnownFileType = image.png; name = planet.png; path = Resources/Assets/planet.png; sourceTree = SOURCE_ROOT; };
		9138E32120433371009C3D6D /* PlanetInfo.cpp */ = {isa = PBXFileReference; lastKnownFileType = sourcecode.cpp.cpp; path = PlanetInfo.cpp; sourceTree = "<group>"; };
		9138E32220433371009C3D6D /* PlanetInfo.hpp */ = {isa = PBXFileReference; lastKnownFileType = sourcecode.cpp.h; path = PlanetInfo.hpp; sourceTree = "<group>"; };
		9175F94F20421777008D9828 /* SDL2_ttf.framework */ = {isa = PBXFileReference; lastKnownFileType = wrapper.framework; name = SDL2_ttf.framework; path = ../../../../../Library/Frameworks/SDL2_ttf.framework; sourceTree = "<group>"; };
		9175F95120421E6A008D9828 /* TextBox.cpp */ = {isa = PBXFileReference; lastKnownFileType = sourcecode.cpp.cpp; path = TextBox.cpp; sourceTree = "<group>"; };
		9175F954204227A8008D9828 /* Arial.ttf */ = {isa = PBXFileReference; lastKnownFileType = file; path = Arial.ttf; sourceTree = "<group>"; };
		91EC30BD20425BE20068D2F4 /* TextBox.hpp */ = {isa = PBXFileReference; lastKnownFileType = sourcecode.cpp.h; path = TextBox.hpp; sourceTree = "<group>"; };
/* End PBXFileReference section */

/* Begin PBXFrameworksBuildPhase section */
		020CF61E200DCEE10095E611 /* Frameworks */ = {
			isa = PBXFrameworksBuildPhase;
			buildActionMask = 2147483647;
			files = (
				02DA48C720426A8400EF7EBB /* SDL2_ttf.framework in Frameworks */,
				02DFDC50200DD0A900A136AF /* SDL2_image.framework in Frameworks */,
				02DFDC4E200DD09E00A136AF /* SDL2.framework in Frameworks */,
			);
			runOnlyForDeploymentPostprocessing = 0;
		};
/* End PBXFrameworksBuildPhase section */

/* Begin PBXGroup section */
		020CF618200DCEE10095E611 = {
			isa = PBXGroup;
			children = (
				02674CB820194C7300A4B6F0 /* Documentation */,
				020CF623200DCEE10095E611 /* Astral Pathfinder */,
				02DFDC49200DD02700A136AF /* Resources */,
				020CF622200DCEE10095E611 /* Products */,
				02DFDC4C200DD09E00A136AF /* Frameworks */,
			);
			sourceTree = "<group>";
		};
		020CF622200DCEE10095E611 /* Products */ = {
			isa = PBXGroup;
			children = (
				020CF621200DCEE10095E611 /* Astral Pathfinder */,
			);
			name = Products;
			sourceTree = "<group>";
		};
		020CF623200DCEE10095E611 /* Astral Pathfinder */ = {
			isa = PBXGroup;
			children = (
				020CF624200DCEE10095E611 /* main.cpp */,
				0210E9E4201F023D00F5E497 /* Game */,
				0210E9E3201F022800F5E497 /* Models */,
				0210E9E2201F013300F5E497 /* UI */,
			);
			path = "Astral Pathfinder";
			sourceTree = "<group>";
		};
		0210E9E2201F013300F5E497 /* UI */ = {
			isa = PBXGroup;
			children = (
				0210E9DF201F011A00F5E497 /* Map.cpp */,
				0210E9E0201F011A00F5E497 /* Map.hpp */,
				9138E32120433371009C3D6D /* PlanetInfo.cpp */,
				9138E32220433371009C3D6D /* PlanetInfo.hpp */,
				9175F95120421E6A008D9828 /* TextBox.cpp */,
				91EC30BD20425BE20068D2F4 /* TextBox.hpp */,
				02DFDC57200DD16000A136AF /* TextureManager.cpp */,
				02DFDC51200DD16000A136AF /* TextureManager.hpp */,
			);
			path = UI;
			sourceTree = "<group>";
		};
		0210E9E3201F022800F5E497 /* Models */ = {
			isa = PBXGroup;
			children = (
				02AC9C01204669F800907514 /* Game Object */,
				02AA85392030ECA6009F5DA1 /* Planet.cpp */,
				02AA853C2030ECA6009F5DA1 /* Planet.hpp */,
				02AA853A2030ECA6009F5DA1 /* Ship.cpp */,
				02AA853B2030ECA6009F5DA1 /* Ship.hpp */,
			);
			path = Models;
			sourceTree = "<group>";
		};
		0210E9E4201F023D00F5E497 /* Game */ = {
			isa = PBXGroup;
			children = (
				02DFDC56200DD16000A136AF /* parameters.h */,
				02DFDC53200DD16000A136AF /* Game.cpp */,
				02DFDC54200DD16000A136AF /* Game.hpp */,
				02AA85382030ECA6009F5DA1 /* PlanetManager.cpp */,
				02AA853D2030ECA6009F5DA1 /* PlanetManager.hpp */,
				0208D4492034B13A009C8181 /* ShipManager.cpp */,
				0208D44A2034B13A009C8181 /* ShipManager.hpp */,
				020C491F203DFCF100C4A41B /* UIManager.cpp */,
				020C4920203DFCF100C4A41B /* UIManager.hpp */,
			);
			path = Game;
			sourceTree = "<group>";
		};
		02AC9C01204669F800907514 /* Game Object */ = {
			isa = PBXGroup;
			children = (
				02DFDC55200DD16000A136AF /* GameObject.cpp */,
				02DFDC58200DD16000A136AF /* GameObject.hpp */,
				02AC9BFE204669DC00907514 /* ColliderComponent.cpp */,
				02AC9BFF204669DC00907514 /* ColliderComponent.hpp */,
			);
			path = "Game Object";
			sourceTree = "<group>";
		};
		02DFDC49200DD02700A136AF /* Resources */ = {
			isa = PBXGroup;
			children = (
				02DFDC4B200DD04F00A136AF /* Assets */,
			);
			path = Resources;
			sourceTree = "<group>";
		};
		02DFDC4B200DD04F00A136AF /* Assets */ = {
			isa = PBXGroup;
			children = (
				9175F954204227A8008D9828 /* Arial.ttf */,
				020C4923203E61E400C4A41B /* movingPlayerShip.png */,
				020C4922203E61E400C4A41B /* playerShip.png */,
				0279AC2D201AC0A700ECE4AE /* gameScreen.png */,
				02DFDC5E200DD34700A136AF /* planet.png */,
			);
			path = Assets;
			sourceTree = "<group>";
		};
		02DFDC4C200DD09E00A136AF /* Frameworks */ = {
			isa = PBXGroup;
			children = (
				9175F94F20421777008D9828 /* SDL2_ttf.framework */,
				02DA48C620426A8300EF7EBB /* SDL2_ttf.framework */,
				02DFDC4F200DD0A900A136AF /* SDL2_image.framework */,
				02DFDC4D200DD09E00A136AF /* SDL2.framework */,
			);
			name = Frameworks;
			sourceTree = "<group>";
		};
/* End PBXGroup section */

/* Begin PBXNativeTarget section */
		020CF620200DCEE10095E611 /* Astral Pathfinder */ = {
			isa = PBXNativeTarget;
			buildConfigurationList = 020CF628200DCEE10095E611 /* Build configuration list for PBXNativeTarget "Astral Pathfinder" */;
			buildPhases = (
				020CF61D200DCEE10095E611 /* Sources */,
				020CF61E200DCEE10095E611 /* Frameworks */,
				020CF61F200DCEE10095E611 /* CopyFiles */,
			);
			buildRules = (
			);
			dependencies = (
			);
			name = "Astral Pathfinder";
			productName = "Astral Pathfinder";
			productReference = 020CF621200DCEE10095E611 /* Astral Pathfinder */;
			productType = "com.apple.product-type.tool";
		};
/* End PBXNativeTarget section */

/* Begin PBXProject section */
		020CF619200DCEE10095E611 /* Project object */ = {
			isa = PBXProject;
			attributes = {
				LastUpgradeCheck = 0920;
				ORGANIZATIONNAME = "Logan Harvell, Ian Holdeman";
				TargetAttributes = {
					020CF620200DCEE10095E611 = {
						CreatedOnToolsVersion = 9.2;
						ProvisioningStyle = Automatic;
					};
				};
			};
			buildConfigurationList = 020CF61C200DCEE10095E611 /* Build configuration list for PBXProject "Astral Pathfinder" */;
			compatibilityVersion = "Xcode 8.0";
			developmentRegion = en;
			hasScannedForEncodings = 0;
			knownRegions = (
				en,
			);
			mainGroup = 020CF618200DCEE10095E611;
			productRefGroup = 020CF622200DCEE10095E611 /* Products */;
			projectDirPath = "";
			projectRoot = "";
			targets = (
				020CF620200DCEE10095E611 /* Astral Pathfinder */,
			);
		};
/* End PBXProject section */

/* Begin PBXSourcesBuildPhase section */
		020CF61D200DCEE10095E611 /* Sources */ = {
			isa = PBXSourcesBuildPhase;
			buildActionMask = 2147483647;
			files = (
				0210E9E1201F011B00F5E497 /* Map.cpp in Sources */,
				020CF625200DCEE10095E611 /* main.cpp in Sources */,
				02DFDC5A200DD16000A136AF /* Game.cpp in Sources */,
				9138E32320433371009C3D6D /* PlanetInfo.cpp in Sources */,
				020C4921203DFCF100C4A41B /* UIManager.cpp in Sources */,
				9175F95320421E6A008D9828 /* TextBox.cpp in Sources */,
				02AA853E2030ECA6009F5DA1 /* PlanetManager.cpp in Sources */,
				02AA853F2030ECA6009F5DA1 /* Planet.cpp in Sources */,
				02AA85402030ECA6009F5DA1 /* Ship.cpp in Sources */,
				02DFDC5B200DD16000A136AF /* GameObject.cpp in Sources */,
				02AC9C00204669DC00907514 /* ColliderComponent.cpp in Sources */,
				02DFDC5C200DD16000A136AF /* TextureManager.cpp in Sources */,
				0208D44B2034B13A009C8181 /* ShipManager.cpp in Sources */,
			);
			runOnlyForDeploymentPostprocessing = 0;
		};
/* End PBXSourcesBuildPhase section */

/* Begin XCBuildConfiguration section */
		020CF626200DCEE10095E611 /* Debug */ = {
			isa = XCBuildConfiguration;
			buildSettings = {
				ALWAYS_SEARCH_USER_PATHS = NO;
				CLANG_ANALYZER_NONNULL = YES;
				CLANG_ANALYZER_NUMBER_OBJECT_CONVERSION = YES_AGGRESSIVE;
				CLANG_CXX_LANGUAGE_STANDARD = "gnu++14";
				CLANG_CXX_LIBRARY = "libc++";
				CLANG_ENABLE_MODULES = YES;
				CLANG_ENABLE_OBJC_ARC = YES;
				CLANG_WARN_BLOCK_CAPTURE_AUTORELEASING = YES;
				CLANG_WARN_BOOL_CONVERSION = YES;
				CLANG_WARN_COMMA = YES;
				CLANG_WARN_CONSTANT_CONVERSION = YES;
				CLANG_WARN_DIRECT_OBJC_ISA_USAGE = YES_ERROR;
				CLANG_WARN_DOCUMENTATION_COMMENTS = YES;
				CLANG_WARN_EMPTY_BODY = YES;
				CLANG_WARN_ENUM_CONVERSION = YES;
				CLANG_WARN_INFINITE_RECURSION = YES;
				CLANG_WARN_INT_CONVERSION = YES;
				CLANG_WARN_NON_LITERAL_NULL_CONVERSION = YES;
				CLANG_WARN_OBJC_LITERAL_CONVERSION = YES;
				CLANG_WARN_OBJC_ROOT_CLASS = YES_ERROR;
				CLANG_WARN_RANGE_LOOP_ANALYSIS = YES;
				CLANG_WARN_STRICT_PROTOTYPES = YES;
				CLANG_WARN_SUSPICIOUS_MOVE = YES;
				CLANG_WARN_UNGUARDED_AVAILABILITY = YES_AGGRESSIVE;
				CLANG_WARN_UNREACHABLE_CODE = YES;
				CLANG_WARN__DUPLICATE_METHOD_MATCH = YES;
				CODE_SIGN_IDENTITY = "Mac Developer";
				COPY_PHASE_STRIP = NO;
				DEBUG_INFORMATION_FORMAT = dwarf;
				ENABLE_STRICT_OBJC_MSGSEND = YES;
				ENABLE_TESTABILITY = YES;
				GCC_C_LANGUAGE_STANDARD = gnu11;
				GCC_DYNAMIC_NO_PIC = NO;
				GCC_NO_COMMON_BLOCKS = YES;
				GCC_OPTIMIZATION_LEVEL = 0;
				GCC_PREPROCESSOR_DEFINITIONS = (
					"DEBUG=1",
					"$(inherited)",
				);
				GCC_WARN_64_TO_32_BIT_CONVERSION = YES;
				GCC_WARN_ABOUT_RETURN_TYPE = YES_ERROR;
				GCC_WARN_UNDECLARED_SELECTOR = YES;
				GCC_WARN_UNINITIALIZED_AUTOS = YES_AGGRESSIVE;
				GCC_WARN_UNUSED_FUNCTION = YES;
				GCC_WARN_UNUSED_VARIABLE = YES;
				MACOSX_DEPLOYMENT_TARGET = 10.13;
				MTL_ENABLE_DEBUG_INFO = YES;
				ONLY_ACTIVE_ARCH = YES;
				SDKROOT = macosx;
			};
			name = Debug;
		};
		020CF627200DCEE10095E611 /* Release */ = {
			isa = XCBuildConfiguration;
			buildSettings = {
				ALWAYS_SEARCH_USER_PATHS = NO;
				CLANG_ANALYZER_NONNULL = YES;
				CLANG_ANALYZER_NUMBER_OBJECT_CONVERSION = YES_AGGRESSIVE;
				CLANG_CXX_LANGUAGE_STANDARD = "gnu++14";
				CLANG_CXX_LIBRARY = "libc++";
				CLANG_ENABLE_MODULES = YES;
				CLANG_ENABLE_OBJC_ARC = YES;
				CLANG_WARN_BLOCK_CAPTURE_AUTORELEASING = YES;
				CLANG_WARN_BOOL_CONVERSION = YES;
				CLANG_WARN_COMMA = YES;
				CLANG_WARN_CONSTANT_CONVERSION = YES;
				CLANG_WARN_DIRECT_OBJC_ISA_USAGE = YES_ERROR;
				CLANG_WARN_DOCUMENTATION_COMMENTS = YES;
				CLANG_WARN_EMPTY_BODY = YES;
				CLANG_WARN_ENUM_CONVERSION = YES;
				CLANG_WARN_INFINITE_RECURSION = YES;
				CLANG_WARN_INT_CONVERSION = YES;
				CLANG_WARN_NON_LITERAL_NULL_CONVERSION = YES;
				CLANG_WARN_OBJC_LITERAL_CONVERSION = YES;
				CLANG_WARN_OBJC_ROOT_CLASS = YES_ERROR;
				CLANG_WARN_RANGE_LOOP_ANALYSIS = YES;
				CLANG_WARN_STRICT_PROTOTYPES = YES;
				CLANG_WARN_SUSPICIOUS_MOVE = YES;
				CLANG_WARN_UNGUARDED_AVAILABILITY = YES_AGGRESSIVE;
				CLANG_WARN_UNREACHABLE_CODE = YES;
				CLANG_WARN__DUPLICATE_METHOD_MATCH = YES;
				CODE_SIGN_IDENTITY = "Mac Developer";
				COPY_PHASE_STRIP = NO;
				DEBUG_INFORMATION_FORMAT = "dwarf-with-dsym";
				ENABLE_NS_ASSERTIONS = NO;
				ENABLE_STRICT_OBJC_MSGSEND = YES;
				GCC_C_LANGUAGE_STANDARD = gnu11;
				GCC_NO_COMMON_BLOCKS = YES;
				GCC_WARN_64_TO_32_BIT_CONVERSION = YES;
				GCC_WARN_ABOUT_RETURN_TYPE = YES_ERROR;
				GCC_WARN_UNDECLARED_SELECTOR = YES;
				GCC_WARN_UNINITIALIZED_AUTOS = YES_AGGRESSIVE;
				GCC_WARN_UNUSED_FUNCTION = YES;
				GCC_WARN_UNUSED_VARIABLE = YES;
				MACOSX_DEPLOYMENT_TARGET = 10.13;
				MTL_ENABLE_DEBUG_INFO = NO;
				SDKROOT = macosx;
			};
			name = Release;
		};
		020CF629200DCEE10095E611 /* Debug */ = {
			isa = XCBuildConfiguration;
			buildSettings = {
				CODE_SIGN_IDENTITY = "Mac Developer";
				CODE_SIGN_STYLE = Automatic;
				DEVELOPMENT_TEAM = WUP28GH2WB;
				FRAMEWORK_SEARCH_PATHS = (
					"$(inherited)",
					"$(LOCAL_LIBRARY_DIR)/Frameworks",
				);
				MACOSX_DEPLOYMENT_TARGET = 10.12;
				ONLY_ACTIVE_ARCH = YES;
				PRODUCT_NAME = "$(TARGET_NAME)";
				PROVISIONING_PROFILE_SPECIFIER = "";
			};
			name = Debug;
		};
		020CF62A200DCEE10095E611 /* Release */ = {
			isa = XCBuildConfiguration;
			buildSettings = {
				CODE_SIGN_IDENTITY = "Mac Developer";
				CODE_SIGN_STYLE = Automatic;
				DEVELOPMENT_TEAM = WUP28GH2WB;
				FRAMEWORK_SEARCH_PATHS = (
					"$(inherited)",
					"$(LOCAL_LIBRARY_DIR)/Frameworks",
				);
				MACOSX_DEPLOYMENT_TARGET = 10.12;
				ONLY_ACTIVE_ARCH = NO;
				PRODUCT_NAME = "$(TARGET_NAME)";
				PROVISIONING_PROFILE_SPECIFIER = "";
			};
			name = Release;
		};
/* End XCBuildConfiguration section */

/* Begin XCConfigurationList section */
		020CF61C200DCEE10095E611 /* Build configuration list for PBXProject "Astral Pathfinder" */ = {
			isa = XCConfigurationList;
			buildConfigurations = (
				020CF626200DCEE10095E611 /* Debug */,
				020CF627200DCEE10095E611 /* Release */,
			);
			defaultConfigurationIsVisible = 0;
			defaultConfigurationName = Release;
		};
		020CF628200DCEE10095E611 /* Build configuration list for PBXNativeTarget "Astral Pathfinder" */ = {
			isa = XCConfigurationList;
			buildConfigurations = (
				020CF629200DCEE10095E611 /* Debug */,
				020CF62A200DCEE10095E611 /* Release */,
			);
			defaultConfigurationIsVisible = 0;
			defaultConfigurationName = Release;
		};
/* End XCConfigurationList section */
	};
	rootObject = 020CF619200DCEE10095E611 /* Project object */;
}
