// !$*UTF8*$!
{
	archiveVersion = 1;
	classes = {
	};
	objectVersion = 50;
	objects = {

/* Begin PBXBuildFile section */
		020012FE2075A5AA0087CED9 /* SDL2.framework in Copy Bundle Frameworks */ = {isa = PBXBuildFile; fileRef = 020012FB2075A5AA0087CED9 /* SDL2.framework */; settings = {ATTRIBUTES = (RemoveHeadersOnCopy, ); }; };
		020012FF2075A5AA0087CED9 /* SDL2_image.framework in Copy Bundle Frameworks */ = {isa = PBXBuildFile; fileRef = 020012FC2075A5AA0087CED9 /* SDL2_image.framework */; settings = {ATTRIBUTES = (RemoveHeadersOnCopy, ); }; };
		020013002075A5AA0087CED9 /* SDL2_ttf.framework in Copy Bundle Frameworks */ = {isa = PBXBuildFile; fileRef = 020012FD2075A5AA0087CED9 /* SDL2_ttf.framework */; settings = {ATTRIBUTES = (RemoveHeadersOnCopy, ); }; };
		020013612075BCD30087CED9 /* Classes.txt in Resources */ = {isa = PBXBuildFile; fileRef = 0200131F2075BCD30087CED9 /* Classes.txt */; };
		020013622075BCD30087CED9 /* UI Layout.txt in Resources */ = {isa = PBXBuildFile; fileRef = 020013202075BCD30087CED9 /* UI Layout.txt */; };
		020013632075BCD30087CED9 /* Screen Shot 2018-03-20 at 2.12.07 PM.png in Resources */ = {isa = PBXBuildFile; fileRef = 020013222075BCD30087CED9 /* Screen Shot 2018-03-20 at 2.12.07 PM.png */; };
		020013642075BCD30087CED9 /* Screen Shot 2018-03-24 at 1.00.35 AM.png in Resources */ = {isa = PBXBuildFile; fileRef = 020013232075BCD30087CED9 /* Screen Shot 2018-03-24 at 1.00.35 AM.png */; };
		020013652075BCD30087CED9 /* Screen Shot 2018-03-20 at 10.01.55 PM.png in Resources */ = {isa = PBXBuildFile; fileRef = 020013242075BCD30087CED9 /* Screen Shot 2018-03-20 at 10.01.55 PM.png */; };
		020013662075BCD30087CED9 /* Screen Shot 2018-03-26 at 9.18.21 PM.png in Resources */ = {isa = PBXBuildFile; fileRef = 020013252075BCD30087CED9 /* Screen Shot 2018-03-26 at 9.18.21 PM.png */; };
		020013672075BCD30087CED9 /* Screen Shot 2018-03-20 at 3.05.14 PM.png in Resources */ = {isa = PBXBuildFile; fileRef = 020013262075BCD30087CED9 /* Screen Shot 2018-03-20 at 3.05.14 PM.png */; };
		020013682075BCD30087CED9 /* Screen Shot 2018-03-19 at 11.36.22 PM.png in Resources */ = {isa = PBXBuildFile; fileRef = 020013272075BCD30087CED9 /* Screen Shot 2018-03-19 at 11.36.22 PM.png */; };
		020013692075BCD30087CED9 /* Screen Shot 2018-01-25 at 9.15.15 PM.png in Resources */ = {isa = PBXBuildFile; fileRef = 020013282075BCD30087CED9 /* Screen Shot 2018-01-25 at 9.15.15 PM.png */; };
		0200136A2075BCD30087CED9 /* Screen Shot 2018-01-24 at 6.31.54 PM.png in Resources */ = {isa = PBXBuildFile; fileRef = 020013292075BCD30087CED9 /* Screen Shot 2018-01-24 at 6.31.54 PM.png */; };
		0200136B2075BCD30087CED9 /* Screen Shot 2018-02-24 at 11.00.31 PM.png in Resources */ = {isa = PBXBuildFile; fileRef = 0200132A2075BCD30087CED9 /* Screen Shot 2018-02-24 at 11.00.31 PM.png */; };
		0200136C2075BCD30087CED9 /* Screen Shot 2018-03-20 at 9.08.05 PM.png in Resources */ = {isa = PBXBuildFile; fileRef = 0200132B2075BCD30087CED9 /* Screen Shot 2018-03-20 at 9.08.05 PM.png */; };
		0200136D2075BCD30087CED9 /* Screen Shot 2018-03-24 at 1.00.02 AM.png in Resources */ = {isa = PBXBuildFile; fileRef = 0200132C2075BCD30087CED9 /* Screen Shot 2018-03-24 at 1.00.02 AM.png */; };
		0200136E2075BCD30087CED9 /* Screen Shot 2018-01-24 at 6.32.47 PM.png in Resources */ = {isa = PBXBuildFile; fileRef = 0200132D2075BCD30087CED9 /* Screen Shot 2018-01-24 at 6.32.47 PM.png */; };
		0200136F2075BCD30087CED9 /* Screen Shot 2018-01-24 at 6.29.37 PM.png in Resources */ = {isa = PBXBuildFile; fileRef = 0200132E2075BCD30087CED9 /* Screen Shot 2018-01-24 at 6.29.37 PM.png */; };
		020013702075BCD30087CED9 /* Game Design.txt in Resources */ = {isa = PBXBuildFile; fileRef = 0200132F2075BCD30087CED9 /* Game Design.txt */; };
		020013712075BCD30087CED9 /* ShipInfo.cpp in Sources */ = {isa = PBXBuildFile; fileRef = 020013352075BCD30087CED9 /* ShipInfo.cpp */; };
		020013722075BCD30087CED9 /* Map.cpp in Sources */ = {isa = PBXBuildFile; fileRef = 020013392075BCD30087CED9 /* Map.cpp */; };
		020013732075BCD30087CED9 /* TextureManager.cpp in Sources */ = {isa = PBXBuildFile; fileRef = 0200133A2075BCD30087CED9 /* TextureManager.cpp */; };
		020013742075BCD30087CED9 /* TextBox.cpp in Sources */ = {isa = PBXBuildFile; fileRef = 0200133B2075BCD30087CED9 /* TextBox.cpp */; };
		020013752075BCD30087CED9 /* Slider.cpp in Sources */ = {isa = PBXBuildFile; fileRef = 0200133C2075BCD30087CED9 /* Slider.cpp */; };
		020013762075BCD30087CED9 /* PlanetInfo.cpp in Sources */ = {isa = PBXBuildFile; fileRef = 0200133D2075BCD30087CED9 /* PlanetInfo.cpp */; };
		020013772075BCD30087CED9 /* ColliderComponent.cpp in Sources */ = {isa = PBXBuildFile; fileRef = 020013422075BCD30087CED9 /* ColliderComponent.cpp */; };
		020013782075BCD30087CED9 /* GameObject.cpp in Sources */ = {isa = PBXBuildFile; fileRef = 020013432075BCD30087CED9 /* GameObject.cpp */; };
		0200137A2075BCD30087CED9 /* Planet.cpp in Sources */ = {isa = PBXBuildFile; fileRef = 020013472075BCD30087CED9 /* Planet.cpp */; };
		0200137B2075BCD30087CED9 /* PlanetManager.cpp in Sources */ = {isa = PBXBuildFile; fileRef = 0200134D2075BCD30087CED9 /* PlanetManager.cpp */; };
		0200137C2075BCD30087CED9 /* ShipManager.cpp in Sources */ = {isa = PBXBuildFile; fileRef = 0200134F2075BCD30087CED9 /* ShipManager.cpp */; };
		0200137D2075BCD30087CED9 /* UIManager.cpp in Sources */ = {isa = PBXBuildFile; fileRef = 020013502075BCD30087CED9 /* UIManager.cpp */; };
		0200137E2075BCD30087CED9 /* Game.cpp in Sources */ = {isa = PBXBuildFile; fileRef = 020013512075BCD30087CED9 /* Game.cpp */; };
		0200137F2075BCD30087CED9 /* main.cpp in Sources */ = {isa = PBXBuildFile; fileRef = 020013522075BCD30087CED9 /* main.cpp */; };
		020013802075BCD30087CED9 /* slider.png in Resources */ = {isa = PBXBuildFile; fileRef = 020013552075BCD30087CED9 /* slider.png */; };
		020013812075BCD30087CED9 /* border.png in Resources */ = {isa = PBXBuildFile; fileRef = 020013562075BCD30087CED9 /* border.png */; };
		020013822075BCD30087CED9 /* planet.png in Resources */ = {isa = PBXBuildFile; fileRef = 020013572075BCD30087CED9 /* planet.png */; };
		020013832075BCD30087CED9 /* playerShip.png in Resources */ = {isa = PBXBuildFile; fileRef = 020013582075BCD30087CED9 /* playerShip.png */; };
		020013842075BCD30087CED9 /* loseScreen.png in Resources */ = {isa = PBXBuildFile; fileRef = 020013592075BCD30087CED9 /* loseScreen.png */; };
		020013852075BCD30087CED9 /* movingPlayerShip.png in Resources */ = {isa = PBXBuildFile; fileRef = 0200135A2075BCD30087CED9 /* movingPlayerShip.png */; };
		020013862075BCD30087CED9 /* gameScreen.png in Resources */ = {isa = PBXBuildFile; fileRef = 0200135B2075BCD30087CED9 /* gameScreen.png */; };
		020013872075BCD30087CED9 /* Arial.ttf in Resources */ = {isa = PBXBuildFile; fileRef = 0200135C2075BCD30087CED9 /* Arial.ttf */; };
		020013882075BCD30087CED9 /* base.png in Resources */ = {isa = PBXBuildFile; fileRef = 0200135D2075BCD30087CED9 /* base.png */; };
		020013892075BCD30087CED9 /* MODENINE.TTF in Resources */ = {isa = PBXBuildFile; fileRef = 0200135E2075BCD30087CED9 /* MODENINE.TTF */; };
		0200138A2075BCD30087CED9 /* mainMenu.png in Resources */ = {isa = PBXBuildFile; fileRef = 0200135F2075BCD30087CED9 /* mainMenu.png */; };
		02307D002075BE1B00B46A3E /* Assets.xcassets in Resources */ = {isa = PBXBuildFile; fileRef = 02307CFE2075BE1B00B46A3E /* Assets.xcassets */; };
		02DDC15620971D6000704F70 /* PlayerShip.cpp in Sources */ = {isa = PBXBuildFile; fileRef = 02DDC15120971D6000704F70 /* PlayerShip.cpp */; };
		02DDC15720971D6000704F70 /* Ship.cpp in Sources */ = {isa = PBXBuildFile; fileRef = 02DDC15420971D6000704F70 /* Ship.cpp */; };
		02DDC15820971D6000704F70 /* AlienShip.cpp in Sources */ = {isa = PBXBuildFile; fileRef = 02DDC15520971D6000704F70 /* AlienShip.cpp */; };
		02DDC15B20971DA900704F70 /* planet2.png in Resources */ = {isa = PBXBuildFile; fileRef = 02DDC15920971DA900704F70 /* planet2.png */; };
		02DDC15C20971DA900704F70 /* movingPlayerShip2.png in Resources */ = {isa = PBXBuildFile; fileRef = 02DDC15A20971DA900704F70 /* movingPlayerShip2.png */; };
		02DDC15F20971DB500704F70 /* scoreboard.png in Resources */ = {isa = PBXBuildFile; fileRef = 02DDC15D20971DB500704F70 /* scoreboard.png */; };
		02DDC16020971DB500704F70 /* gameScreen2.png in Resources */ = {isa = PBXBuildFile; fileRef = 02DDC15E20971DB500704F70 /* gameScreen2.png */; };
		02DDC1622097247600704F70 /* scoreboard.txt in Resources */ = {isa = PBXBuildFile; fileRef = 02DDC1612097247600704F70 /* scoreboard.txt */; };
		9117BE722094FD34003FE954 /* EventsPanel.cpp in Sources */ = {isa = PBXBuildFile; fileRef = 9117BE702094FD34003FE954 /* EventsPanel.cpp */; };
		9117BE90209606D6003FE954 /* EventsComponent.cpp in Sources */ = {isa = PBXBuildFile; fileRef = 9117BE8E209606D6003FE954 /* EventsComponent.cpp */; };
		9117BE922096577D003FE954 /* planetOutline.png in Resources */ = {isa = PBXBuildFile; fileRef = 9117BE912096577D003FE954 /* planetOutline.png */; };
		91499BB8209763B800DC6DB3 /* alienScreen.png in Resources */ = {isa = PBXBuildFile; fileRef = 91499BB7209763B800DC6DB3 /* alienScreen.png */; };
		91731FCE20977758009F6FC5 /* alienShip.png in Resources */ = {isa = PBXBuildFile; fileRef = 91731FCD20977758009F6FC5 /* alienShip.png */; };
		91E9F7AF2094051D000FDDB6 /* winScreen.png in Resources */ = {isa = PBXBuildFile; fileRef = 91E9F7AE2094051D000FDDB6 /* winScreen.png */; };
/* End PBXBuildFile section */

/* Begin PBXCopyFilesBuildPhase section */
		020012F42075A43A0087CED9 /* Copy Bundle Frameworks */ = {
			isa = PBXCopyFilesBuildPhase;
			buildActionMask = 2147483647;
			dstPath = "";
			dstSubfolderSpec = 10;
			files = (
				020012FE2075A5AA0087CED9 /* SDL2.framework in Copy Bundle Frameworks */,
				020012FF2075A5AA0087CED9 /* SDL2_image.framework in Copy Bundle Frameworks */,
				020013002075A5AA0087CED9 /* SDL2_ttf.framework in Copy Bundle Frameworks */,
			);
			name = "Copy Bundle Frameworks";
			runOnlyForDeploymentPostprocessing = 0;
		};
		9117BEA52096C554003FE954 /* CopyFiles */ = {
			isa = PBXCopyFilesBuildPhase;
			buildActionMask = 2147483647;
			dstPath = "";
			dstSubfolderSpec = 7;
			files = (
			);
			runOnlyForDeploymentPostprocessing = 0;
		};
/* End PBXCopyFilesBuildPhase section */

/* Begin PBXFileReference section */
		020012AF20759ED60087CED9 /* Astral Pathfinder.app */ = {isa = PBXFileReference; explicitFileType = wrapper.application; includeInIndex = 0; path = "Astral Pathfinder.app"; sourceTree = BUILT_PRODUCTS_DIR; };
		020012FB2075A5AA0087CED9 /* SDL2.framework */ = {isa = PBXFileReference; lastKnownFileType = wrapper.framework; name = SDL2.framework; path = SDL2/SDL2.framework; sourceTree = "<group>"; };
		020012FC2075A5AA0087CED9 /* SDL2_image.framework */ = {isa = PBXFileReference; lastKnownFileType = wrapper.framework; name = SDL2_image.framework; path = SDL2/SDL2_image.framework; sourceTree = "<group>"; };
		020012FD2075A5AA0087CED9 /* SDL2_ttf.framework */ = {isa = PBXFileReference; lastKnownFileType = wrapper.framework; name = SDL2_ttf.framework; path = SDL2/SDL2_ttf.framework; sourceTree = "<group>"; };
		0200131F2075BCD30087CED9 /* Classes.txt */ = {isa = PBXFileReference; fileEncoding = 4; lastKnownFileType = text; path = Classes.txt; sourceTree = "<group>"; };
		020013202075BCD30087CED9 /* UI Layout.txt */ = {isa = PBXFileReference; fileEncoding = 4; lastKnownFileType = text; path = "UI Layout.txt"; sourceTree = "<group>"; };
		020013222075BCD30087CED9 /* Screen Shot 2018-03-20 at 2.12.07 PM.png */ = {isa = PBXFileReference; lastKnownFileType = image.png; path = "Screen Shot 2018-03-20 at 2.12.07 PM.png"; sourceTree = "<group>"; };
		020013232075BCD30087CED9 /* Screen Shot 2018-03-24 at 1.00.35 AM.png */ = {isa = PBXFileReference; lastKnownFileType = image.png; path = "Screen Shot 2018-03-24 at 1.00.35 AM.png"; sourceTree = "<group>"; };
		020013242075BCD30087CED9 /* Screen Shot 2018-03-20 at 10.01.55 PM.png */ = {isa = PBXFileReference; lastKnownFileType = image.png; path = "Screen Shot 2018-03-20 at 10.01.55 PM.png"; sourceTree = "<group>"; };
		020013252075BCD30087CED9 /* Screen Shot 2018-03-26 at 9.18.21 PM.png */ = {isa = PBXFileReference; lastKnownFileType = image.png; path = "Screen Shot 2018-03-26 at 9.18.21 PM.png"; sourceTree = "<group>"; };
		020013262075BCD30087CED9 /* Screen Shot 2018-03-20 at 3.05.14 PM.png */ = {isa = PBXFileReference; lastKnownFileType = image.png; path = "Screen Shot 2018-03-20 at 3.05.14 PM.png"; sourceTree = "<group>"; };
		020013272075BCD30087CED9 /* Screen Shot 2018-03-19 at 11.36.22 PM.png */ = {isa = PBXFileReference; lastKnownFileType = image.png; path = "Screen Shot 2018-03-19 at 11.36.22 PM.png"; sourceTree = "<group>"; };
		020013282075BCD30087CED9 /* Screen Shot 2018-01-25 at 9.15.15 PM.png */ = {isa = PBXFileReference; lastKnownFileType = image.png; path = "Screen Shot 2018-01-25 at 9.15.15 PM.png"; sourceTree = "<group>"; };
		020013292075BCD30087CED9 /* Screen Shot 2018-01-24 at 6.31.54 PM.png */ = {isa = PBXFileReference; lastKnownFileType = image.png; path = "Screen Shot 2018-01-24 at 6.31.54 PM.png"; sourceTree = "<group>"; };
		0200132A2075BCD30087CED9 /* Screen Shot 2018-02-24 at 11.00.31 PM.png */ = {isa = PBXFileReference; lastKnownFileType = image.png; path = "Screen Shot 2018-02-24 at 11.00.31 PM.png"; sourceTree = "<group>"; };
		0200132B2075BCD30087CED9 /* Screen Shot 2018-03-20 at 9.08.05 PM.png */ = {isa = PBXFileReference; lastKnownFileType = image.png; path = "Screen Shot 2018-03-20 at 9.08.05 PM.png"; sourceTree = "<group>"; };
		0200132C2075BCD30087CED9 /* Screen Shot 2018-03-24 at 1.00.02 AM.png */ = {isa = PBXFileReference; lastKnownFileType = image.png; path = "Screen Shot 2018-03-24 at 1.00.02 AM.png"; sourceTree = "<group>"; };
		0200132D2075BCD30087CED9 /* Screen Shot 2018-01-24 at 6.32.47 PM.png */ = {isa = PBXFileReference; lastKnownFileType = image.png; path = "Screen Shot 2018-01-24 at 6.32.47 PM.png"; sourceTree = "<group>"; };
		0200132E2075BCD30087CED9 /* Screen Shot 2018-01-24 at 6.29.37 PM.png */ = {isa = PBXFileReference; lastKnownFileType = image.png; path = "Screen Shot 2018-01-24 at 6.29.37 PM.png"; sourceTree = "<group>"; };
		0200132F2075BCD30087CED9 /* Game Design.txt */ = {isa = PBXFileReference; fileEncoding = 4; lastKnownFileType = text; path = "Game Design.txt"; sourceTree = "<group>"; };
		020013322075BCD30087CED9 /* TextBox.hpp */ = {isa = PBXFileReference; fileEncoding = 4; lastKnownFileType = sourcecode.cpp.h; path = TextBox.hpp; sourceTree = "<group>"; };
		020013332075BCD30087CED9 /* Slider.hpp */ = {isa = PBXFileReference; fileEncoding = 4; lastKnownFileType = sourcecode.cpp.h; path = Slider.hpp; sourceTree = "<group>"; };
		020013342075BCD30087CED9 /* PlanetInfo.hpp */ = {isa = PBXFileReference; fileEncoding = 4; lastKnownFileType = sourcecode.cpp.h; path = PlanetInfo.hpp; sourceTree = "<group>"; };
		020013352075BCD30087CED9 /* ShipInfo.cpp */ = {isa = PBXFileReference; fileEncoding = 4; lastKnownFileType = sourcecode.cpp.cpp; path = ShipInfo.cpp; sourceTree = "<group>"; };
		020013362075BCD30087CED9 /* Map.hpp */ = {isa = PBXFileReference; fileEncoding = 4; lastKnownFileType = sourcecode.cpp.h; path = Map.hpp; sourceTree = "<group>"; };
		020013372075BCD30087CED9 /* TextureManager.hpp */ = {isa = PBXFileReference; fileEncoding = 4; lastKnownFileType = sourcecode.cpp.h; path = TextureManager.hpp; sourceTree = "<group>"; };
		020013382075BCD30087CED9 /* ShipInfo.hpp */ = {isa = PBXFileReference; fileEncoding = 4; lastKnownFileType = sourcecode.cpp.h; path = ShipInfo.hpp; sourceTree = "<group>"; };
		020013392075BCD30087CED9 /* Map.cpp */ = {isa = PBXFileReference; fileEncoding = 4; lastKnownFileType = sourcecode.cpp.cpp; path = Map.cpp; sourceTree = "<group>"; };
		0200133A2075BCD30087CED9 /* TextureManager.cpp */ = {isa = PBXFileReference; fileEncoding = 4; lastKnownFileType = sourcecode.cpp.cpp; path = TextureManager.cpp; sourceTree = "<group>"; };
		0200133B2075BCD30087CED9 /* TextBox.cpp */ = {isa = PBXFileReference; fileEncoding = 4; lastKnownFileType = sourcecode.cpp.cpp; path = TextBox.cpp; sourceTree = "<group>"; };
		0200133C2075BCD30087CED9 /* Slider.cpp */ = {isa = PBXFileReference; fileEncoding = 4; lastKnownFileType = sourcecode.cpp.cpp; path = Slider.cpp; sourceTree = "<group>"; };
		0200133D2075BCD30087CED9 /* PlanetInfo.cpp */ = {isa = PBXFileReference; fileEncoding = 4; lastKnownFileType = sourcecode.cpp.cpp; path = PlanetInfo.cpp; sourceTree = "<group>"; };
		020013402075BCD30087CED9 /* Planet.hpp */ = {isa = PBXFileReference; fileEncoding = 4; lastKnownFileType = sourcecode.cpp.h; path = Planet.hpp; sourceTree = "<group>"; };
		020013422075BCD30087CED9 /* ColliderComponent.cpp */ = {isa = PBXFileReference; fileEncoding = 4; lastKnownFileType = sourcecode.cpp.cpp; path = ColliderComponent.cpp; sourceTree = "<group>"; };
		020013432075BCD30087CED9 /* GameObject.cpp */ = {isa = PBXFileReference; fileEncoding = 4; lastKnownFileType = sourcecode.cpp.cpp; path = GameObject.cpp; sourceTree = "<group>"; };
		020013442075BCD30087CED9 /* GameObject.hpp */ = {isa = PBXFileReference; fileEncoding = 4; lastKnownFileType = sourcecode.cpp.h; path = GameObject.hpp; sourceTree = "<group>"; };
		020013452075BCD30087CED9 /* ColliderComponent.hpp */ = {isa = PBXFileReference; fileEncoding = 4; lastKnownFileType = sourcecode.cpp.h; path = ColliderComponent.hpp; sourceTree = "<group>"; };
		020013472075BCD30087CED9 /* Planet.cpp */ = {isa = PBXFileReference; fileEncoding = 4; lastKnownFileType = sourcecode.cpp.cpp; path = Planet.cpp; sourceTree = "<group>"; };
		020013492075BCD30087CED9 /* Game.hpp */ = {isa = PBXFileReference; fileEncoding = 4; lastKnownFileType = sourcecode.cpp.h; path = Game.hpp; sourceTree = "<group>"; };
		0200134A2075BCD30087CED9 /* PlanetManager.hpp */ = {isa = PBXFileReference; fileEncoding = 4; lastKnownFileType = sourcecode.cpp.h; path = PlanetManager.hpp; sourceTree = "<group>"; };
		0200134B2075BCD30087CED9 /* ShipManager.hpp */ = {isa = PBXFileReference; fileEncoding = 4; lastKnownFileType = sourcecode.cpp.h; path = ShipManager.hpp; sourceTree = "<group>"; };
		0200134C2075BCD30087CED9 /* UIManager.hpp */ = {isa = PBXFileReference; fileEncoding = 4; lastKnownFileType = sourcecode.cpp.h; path = UIManager.hpp; sourceTree = "<group>"; };
		0200134D2075BCD30087CED9 /* PlanetManager.cpp */ = {isa = PBXFileReference; fileEncoding = 4; lastKnownFileType = sourcecode.cpp.cpp; path = PlanetManager.cpp; sourceTree = "<group>"; };
		0200134E2075BCD30087CED9 /* parameters.h */ = {isa = PBXFileReference; fileEncoding = 4; lastKnownFileType = sourcecode.c.h; path = parameters.h; sourceTree = "<group>"; };
		0200134F2075BCD30087CED9 /* ShipManager.cpp */ = {isa = PBXFileReference; fileEncoding = 4; lastKnownFileType = sourcecode.cpp.cpp; path = ShipManager.cpp; sourceTree = "<group>"; };
		020013502075BCD30087CED9 /* UIManager.cpp */ = {isa = PBXFileReference; fileEncoding = 4; lastKnownFileType = sourcecode.cpp.cpp; path = UIManager.cpp; sourceTree = "<group>"; };
		020013512075BCD30087CED9 /* Game.cpp */ = {isa = PBXFileReference; fileEncoding = 4; lastKnownFileType = sourcecode.cpp.cpp; path = Game.cpp; sourceTree = "<group>"; };
		020013522075BCD30087CED9 /* main.cpp */ = {isa = PBXFileReference; fileEncoding = 4; lastKnownFileType = sourcecode.cpp.cpp; path = main.cpp; sourceTree = "<group>"; };
		020013552075BCD30087CED9 /* slider.png */ = {isa = PBXFileReference; lastKnownFileType = image.png; path = slider.png; sourceTree = "<group>"; };
		020013562075BCD30087CED9 /* border.png */ = {isa = PBXFileReference; lastKnownFileType = image.png; path = border.png; sourceTree = "<group>"; };
		020013572075BCD30087CED9 /* planet.png */ = {isa = PBXFileReference; lastKnownFileType = image.png; path = planet.png; sourceTree = "<group>"; };
		020013582075BCD30087CED9 /* playerShip.png */ = {isa = PBXFileReference; lastKnownFileType = image.png; path = playerShip.png; sourceTree = "<group>"; };
		020013592075BCD30087CED9 /* loseScreen.png */ = {isa = PBXFileReference; lastKnownFileType = image.png; path = loseScreen.png; sourceTree = "<group>"; };
		0200135A2075BCD30087CED9 /* movingPlayerShip.png */ = {isa = PBXFileReference; lastKnownFileType = image.png; path = movingPlayerShip.png; sourceTree = "<group>"; };
		0200135B2075BCD30087CED9 /* gameScreen.png */ = {isa = PBXFileReference; lastKnownFileType = image.png; path = gameScreen.png; sourceTree = "<group>"; };
		0200135C2075BCD30087CED9 /* Arial.ttf */ = {isa = PBXFileReference; lastKnownFileType = file; path = Arial.ttf; sourceTree = "<group>"; };
		0200135D2075BCD30087CED9 /* base.png */ = {isa = PBXFileReference; lastKnownFileType = image.png; path = base.png; sourceTree = "<group>"; };
		0200135E2075BCD30087CED9 /* MODENINE.TTF */ = {isa = PBXFileReference; lastKnownFileType = file; path = MODENINE.TTF; sourceTree = "<group>"; };
		0200135F2075BCD30087CED9 /* mainMenu.png */ = {isa = PBXFileReference; lastKnownFileType = image.png; path = mainMenu.png; sourceTree = "<group>"; };
		02307CFE2075BE1B00B46A3E /* Assets.xcassets */ = {isa = PBXFileReference; lastKnownFileType = folder.assetcatalog; path = Assets.xcassets; sourceTree = "<group>"; };
		02307CFF2075BE1B00B46A3E /* Info.plist */ = {isa = PBXFileReference; fileEncoding = 4; lastKnownFileType = text.plist.xml; path = Info.plist; sourceTree = "<group>"; };
		02DDC15020971D6000704F70 /* AlienShip.hpp */ = {isa = PBXFileReference; fileEncoding = 4; lastKnownFileType = sourcecode.cpp.h; path = AlienShip.hpp; sourceTree = "<group>"; };
		02DDC15120971D6000704F70 /* PlayerShip.cpp */ = {isa = PBXFileReference; fileEncoding = 4; lastKnownFileType = sourcecode.cpp.cpp; path = PlayerShip.cpp; sourceTree = "<group>"; };
		02DDC15220971D6000704F70 /* PlayerShip.hpp */ = {isa = PBXFileReference; fileEncoding = 4; lastKnownFileType = sourcecode.cpp.h; path = PlayerShip.hpp; sourceTree = "<group>"; };
		02DDC15320971D6000704F70 /* Ship.hpp */ = {isa = PBXFileReference; fileEncoding = 4; lastKnownFileType = sourcecode.cpp.h; path = Ship.hpp; sourceTree = "<group>"; };
		02DDC15420971D6000704F70 /* Ship.cpp */ = {isa = PBXFileReference; fileEncoding = 4; lastKnownFileType = sourcecode.cpp.cpp; path = Ship.cpp; sourceTree = "<group>"; };
		02DDC15520971D6000704F70 /* AlienShip.cpp */ = {isa = PBXFileReference; fileEncoding = 4; lastKnownFileType = sourcecode.cpp.cpp; path = AlienShip.cpp; sourceTree = "<group>"; };
		02DDC15920971DA900704F70 /* planet2.png */ = {isa = PBXFileReference; lastKnownFileType = image.png; path = planet2.png; sourceTree = "<group>"; };
		02DDC15A20971DA900704F70 /* movingPlayerShip2.png */ = {isa = PBXFileReference; lastKnownFileType = image.png; path = movingPlayerShip2.png; sourceTree = "<group>"; };
		02DDC15D20971DB500704F70 /* scoreboard.png */ = {isa = PBXFileReference; lastKnownFileType = image.png; path = scoreboard.png; sourceTree = "<group>"; };
		02DDC15E20971DB500704F70 /* gameScreen2.png */ = {isa = PBXFileReference; lastKnownFileType = image.png; path = gameScreen2.png; sourceTree = "<group>"; };
		02DDC1612097247600704F70 /* scoreboard.txt */ = {isa = PBXFileReference; fileEncoding = 4; lastKnownFileType = text; path = scoreboard.txt; sourceTree = "<group>"; };
		9117BE702094FD34003FE954 /* EventsPanel.cpp */ = {isa = PBXFileReference; lastKnownFileType = sourcecode.cpp.cpp; path = EventsPanel.cpp; sourceTree = "<group>"; };
		9117BE712094FD34003FE954 /* EventsPanel.hpp */ = {isa = PBXFileReference; lastKnownFileType = sourcecode.cpp.h; path = EventsPanel.hpp; sourceTree = "<group>"; };
		9117BE8E209606D6003FE954 /* EventsComponent.cpp */ = {isa = PBXFileReference; lastKnownFileType = sourcecode.cpp.cpp; path = EventsComponent.cpp; sourceTree = "<group>"; };
		9117BE8F209606D6003FE954 /* EventsComponent.hpp */ = {isa = PBXFileReference; lastKnownFileType = sourcecode.cpp.h; path = EventsComponent.hpp; sourceTree = "<group>"; };
		9117BE912096577D003FE954 /* planetOutline.png */ = {isa = PBXFileReference; lastKnownFileType = image.png; path = planetOutline.png; sourceTree = "<group>"; };
		91499BB7209763B800DC6DB3 /* alienScreen.png */ = {isa = PBXFileReference; lastKnownFileType = image.png; path = alienScreen.png; sourceTree = "<group>"; };
		91731FCD20977758009F6FC5 /* alienShip.png */ = {isa = PBXFileReference; lastKnownFileType = image.png; path = alienShip.png; sourceTree = "<group>"; };
		91E9F7AE2094051D000FDDB6 /* winScreen.png */ = {isa = PBXFileReference; lastKnownFileType = image.png; path = winScreen.png; sourceTree = "<group>"; };
/* End PBXFileReference section */

/* Begin PBXFrameworksBuildPhase section */
		020012AC20759ED60087CED9 /* Frameworks */ = {
			isa = PBXFrameworksBuildPhase;
			buildActionMask = 2147483647;
			files = (
			);
			runOnlyForDeploymentPostprocessing = 0;
		};
/* End PBXFrameworksBuildPhase section */

/* Begin PBXGroup section */
		020012A620759ED60087CED9 = {
			isa = PBXGroup;
			children = (
				0200131E2075BCD30087CED9 /* Documentation */,
				020013302075BCD30087CED9 /* Astral Pathfinder */,
				020013532075BCD30087CED9 /* Resources */,
				02307CFE2075BE1B00B46A3E /* Assets.xcassets */,
				020013012075A5D90087CED9 /* Frameworks */,
				020012B020759ED60087CED9 /* Products */,
			);
			sourceTree = "<group>";
		};
		020012B020759ED60087CED9 /* Products */ = {
			isa = PBXGroup;
			children = (
				020012AF20759ED60087CED9 /* Astral Pathfinder.app */,
			);
			name = Products;
			sourceTree = "<group>";
		};
		020013012075A5D90087CED9 /* Frameworks */ = {
			isa = PBXGroup;
			children = (
				020012FC2075A5AA0087CED9 /* SDL2_image.framework */,
				020012FD2075A5AA0087CED9 /* SDL2_ttf.framework */,
				020012FB2075A5AA0087CED9 /* SDL2.framework */,
			);
			name = Frameworks;
			sourceTree = "<group>";
		};
		0200131E2075BCD30087CED9 /* Documentation */ = {
			isa = PBXGroup;
			children = (
				0200131F2075BCD30087CED9 /* Classes.txt */,
				020013202075BCD30087CED9 /* UI Layout.txt */,
				020013212075BCD30087CED9 /* Screenshots */,
				0200132F2075BCD30087CED9 /* Game Design.txt */,
			);
			path = Documentation;
			sourceTree = "<group>";
		};
		020013212075BCD30087CED9 /* Screenshots */ = {
			isa = PBXGroup;
			children = (
				020013222075BCD30087CED9 /* Screen Shot 2018-03-20 at 2.12.07 PM.png */,
				020013232075BCD30087CED9 /* Screen Shot 2018-03-24 at 1.00.35 AM.png */,
				020013242075BCD30087CED9 /* Screen Shot 2018-03-20 at 10.01.55 PM.png */,
				020013252075BCD30087CED9 /* Screen Shot 2018-03-26 at 9.18.21 PM.png */,
				020013262075BCD30087CED9 /* Screen Shot 2018-03-20 at 3.05.14 PM.png */,
				020013272075BCD30087CED9 /* Screen Shot 2018-03-19 at 11.36.22 PM.png */,
				020013282075BCD30087CED9 /* Screen Shot 2018-01-25 at 9.15.15 PM.png */,
				020013292075BCD30087CED9 /* Screen Shot 2018-01-24 at 6.31.54 PM.png */,
				0200132A2075BCD30087CED9 /* Screen Shot 2018-02-24 at 11.00.31 PM.png */,
				0200132B2075BCD30087CED9 /* Screen Shot 2018-03-20 at 9.08.05 PM.png */,
				0200132C2075BCD30087CED9 /* Screen Shot 2018-03-24 at 1.00.02 AM.png */,
				0200132D2075BCD30087CED9 /* Screen Shot 2018-01-24 at 6.32.47 PM.png */,
				0200132E2075BCD30087CED9 /* Screen Shot 2018-01-24 at 6.29.37 PM.png */,
			);
			path = Screenshots;
			sourceTree = "<group>";
		};
		020013302075BCD30087CED9 /* Astral Pathfinder */ = {
			isa = PBXGroup;
			children = (
				02307CFF2075BE1B00B46A3E /* Info.plist */,
				020013522075BCD30087CED9 /* main.cpp */,
				020013482075BCD30087CED9 /* Game */,
				0200133E2075BCD30087CED9 /* Models */,
				020013312075BCD30087CED9 /* UI */,
			);
			path = "Astral Pathfinder";
			sourceTree = "<group>";
		};
		020013312075BCD30087CED9 /* UI */ = {
			isa = PBXGroup;
			children = (
				020013342075BCD30087CED9 /* PlanetInfo.hpp */,
				0200133D2075BCD30087CED9 /* PlanetInfo.cpp */,
				020013382075BCD30087CED9 /* ShipInfo.hpp */,
				020013352075BCD30087CED9 /* ShipInfo.cpp */,
				020013362075BCD30087CED9 /* Map.hpp */,
				020013392075BCD30087CED9 /* Map.cpp */,
				020013322075BCD30087CED9 /* TextBox.hpp */,
				0200133B2075BCD30087CED9 /* TextBox.cpp */,
				020013332075BCD30087CED9 /* Slider.hpp */,
				0200133C2075BCD30087CED9 /* Slider.cpp */,
				020013372075BCD30087CED9 /* TextureManager.hpp */,
				0200133A2075BCD30087CED9 /* TextureManager.cpp */,
				9117BE702094FD34003FE954 /* EventsPanel.cpp */,
				9117BE712094FD34003FE954 /* EventsPanel.hpp */,
			);
			path = UI;
			sourceTree = "<group>";
		};
		0200133E2075BCD30087CED9 /* Models */ = {
			isa = PBXGroup;
			children = (
				020013412075BCD30087CED9 /* Game Object */,
				020013402075BCD30087CED9 /* Planet.hpp */,
				020013472075BCD30087CED9 /* Planet.cpp */,
				9117BEA62096D1E8003FE954 /* Ship */,
			);
			path = Models;
			sourceTree = "<group>";
		};
		020013412075BCD30087CED9 /* Game Object */ = {
			isa = PBXGroup;
			children = (
				020013442075BCD30087CED9 /* GameObject.hpp */,
				020013432075BCD30087CED9 /* GameObject.cpp */,
				020013452075BCD30087CED9 /* ColliderComponent.hpp */,
				020013422075BCD30087CED9 /* ColliderComponent.cpp */,
				9117BE8E209606D6003FE954 /* EventsComponent.cpp */,
				9117BE8F209606D6003FE954 /* EventsComponent.hpp */,
			);
			path = "Game Object";
			sourceTree = "<group>";
		};
		020013482075BCD30087CED9 /* Game */ = {
			isa = PBXGroup;
			children = (
				0200134E2075BCD30087CED9 /* parameters.h */,
				020013492075BCD30087CED9 /* Game.hpp */,
				020013512075BCD30087CED9 /* Game.cpp */,
				0200134A2075BCD30087CED9 /* PlanetManager.hpp */,
				0200134D2075BCD30087CED9 /* PlanetManager.cpp */,
				0200134B2075BCD30087CED9 /* ShipManager.hpp */,
				0200134F2075BCD30087CED9 /* ShipManager.cpp */,
				0200134C2075BCD30087CED9 /* UIManager.hpp */,
				020013502075BCD30087CED9 /* UIManager.cpp */,
			);
			path = Game;
			sourceTree = "<group>";
		};
		020013532075BCD30087CED9 /* Resources */ = {
			isa = PBXGroup;
			children = (
				9117BEA22096C528003FE954 /* Scores */,
				02307CFC2075BDB700B46A3E /* Screens */,
				020013542075BCD30087CED9 /* Textures */,
				02307CFD2075BDDC00B46A3E /* Fonts */,
			);
			path = Resources;
			sourceTree = "<group>";
		};
		020013542075BCD30087CED9 /* Textures */ = {
			isa = PBXGroup;
			children = (
				91731FCD20977758009F6FC5 /* alienShip.png */,
				02DDC15A20971DA900704F70 /* movingPlayerShip2.png */,
				02DDC15920971DA900704F70 /* planet2.png */,
				9117BE912096577D003FE954 /* planetOutline.png */,
				020013552075BCD30087CED9 /* slider.png */,
				020013562075BCD30087CED9 /* border.png */,
				020013572075BCD30087CED9 /* planet.png */,
				020013582075BCD30087CED9 /* playerShip.png */,
				0200135A2075BCD30087CED9 /* movingPlayerShip.png */,
				0200135D2075BCD30087CED9 /* base.png */,
			);
			path = Textures;
			sourceTree = "<group>";
		};
		02307CFC2075BDB700B46A3E /* Screens */ = {
			isa = PBXGroup;
			children = (
				91499BB7209763B800DC6DB3 /* alienScreen.png */,
				02DDC15E20971DB500704F70 /* gameScreen2.png */,
				02DDC15D20971DB500704F70 /* scoreboard.png */,
				91E9F7AE2094051D000FDDB6 /* winScreen.png */,
				020013592075BCD30087CED9 /* loseScreen.png */,
				0200135B2075BCD30087CED9 /* gameScreen.png */,
				0200135F2075BCD30087CED9 /* mainMenu.png */,
			);
			path = Screens;
			sourceTree = "<group>";
		};
		02307CFD2075BDDC00B46A3E /* Fonts */ = {
			isa = PBXGroup;
			children = (
				0200135C2075BCD30087CED9 /* Arial.ttf */,
				0200135E2075BCD30087CED9 /* MODENINE.TTF */,
			);
			path = Fonts;
			sourceTree = "<group>";
		};
		9117BEA22096C528003FE954 /* Scores */ = {
			isa = PBXGroup;
			children = (
				02DDC1612097247600704F70 /* scoreboard.txt */,
			);
			path = Scores;
			sourceTree = "<group>";
		};
		9117BEA62096D1E8003FE954 /* Ship */ = {
			isa = PBXGroup;
			children = (
				02DDC15320971D6000704F70 /* Ship.hpp */,
				02DDC15420971D6000704F70 /* Ship.cpp */,
				02DDC15220971D6000704F70 /* PlayerShip.hpp */,
				02DDC15120971D6000704F70 /* PlayerShip.cpp */,
				02DDC15020971D6000704F70 /* AlienShip.hpp */,
				02DDC15520971D6000704F70 /* AlienShip.cpp */,
			);
			path = Ship;
			sourceTree = "<group>";
		};
/* End PBXGroup section */

/* Begin PBXNativeTarget section */
		020012AE20759ED60087CED9 /* Astral Pathfinder */ = {
			isa = PBXNativeTarget;
			buildConfigurationList = 020012C020759ED70087CED9 /* Build configuration list for PBXNativeTarget "Astral Pathfinder" */;
			buildPhases = (
				020012AB20759ED60087CED9 /* Sources */,
				020012AC20759ED60087CED9 /* Frameworks */,
				020012AD20759ED60087CED9 /* Resources */,
				020012F42075A43A0087CED9 /* Copy Bundle Frameworks */,
				9117BEA52096C554003FE954 /* CopyFiles */,
			);
			buildRules = (
			);
			dependencies = (
			);
			name = "Astral Pathfinder";
			productName = "Astral Pathfinder for Mac Test";
			productReference = 020012AF20759ED60087CED9 /* Astral Pathfinder.app */;
			productType = "com.apple.product-type.application";
		};
/* End PBXNativeTarget section */

/* Begin PBXProject section */
		020012A720759ED60087CED9 /* Project object */ = {
			isa = PBXProject;
			attributes = {
				LastUpgradeCheck = 0930;
				ORGANIZATIONNAME = "Logan Harvell, Ian Holdeman";
				TargetAttributes = {
					020012AE20759ED60087CED9 = {
						CreatedOnToolsVersion = 9.3;
					};
				};
			};
			buildConfigurationList = 020012AA20759ED60087CED9 /* Build configuration list for PBXProject "Astral Pathfinder" */;
			compatibilityVersion = "Xcode 9.3";
			developmentRegion = en;
			hasScannedForEncodings = 0;
			knownRegions = (
				en,
				Base,
			);
			mainGroup = 020012A620759ED60087CED9;
			productRefGroup = 020012B020759ED60087CED9 /* Products */;
			projectDirPath = "";
			projectRoot = "";
			targets = (
				020012AE20759ED60087CED9 /* Astral Pathfinder */,
			);
		};
/* End PBXProject section */

/* Begin PBXResourcesBuildPhase section */
		020012AD20759ED60087CED9 /* Resources */ = {
			isa = PBXResourcesBuildPhase;
			buildActionMask = 2147483647;
			files = (
				020013862075BCD30087CED9 /* gameScreen.png in Resources */,
				0200136A2075BCD30087CED9 /* Screen Shot 2018-01-24 at 6.31.54 PM.png in Resources */,
				020013702075BCD30087CED9 /* Game Design.txt in Resources */,
				020013832075BCD30087CED9 /* playerShip.png in Resources */,
				02DDC16020971DB500704F70 /* gameScreen2.png in Resources */,
				020013672075BCD30087CED9 /* Screen Shot 2018-03-20 at 3.05.14 PM.png in Resources */,
				020013692075BCD30087CED9 /* Screen Shot 2018-01-25 at 9.15.15 PM.png in Resources */,
				0200136D2075BCD30087CED9 /* Screen Shot 2018-03-24 at 1.00.02 AM.png in Resources */,
				02DDC15B20971DA900704F70 /* planet2.png in Resources */,
				91731FCE20977758009F6FC5 /* alienShip.png in Resources */,
				020013892075BCD30087CED9 /* MODENINE.TTF in Resources */,
				02DDC15F20971DB500704F70 /* scoreboard.png in Resources */,
				0200136C2075BCD30087CED9 /* Screen Shot 2018-03-20 at 9.08.05 PM.png in Resources */,
				020013682075BCD30087CED9 /* Screen Shot 2018-03-19 at 11.36.22 PM.png in Resources */,
				02DDC15C20971DA900704F70 /* movingPlayerShip2.png in Resources */,
				020013822075BCD30087CED9 /* planet.png in Resources */,
				020013612075BCD30087CED9 /* Classes.txt in Resources */,
				0200136E2075BCD30087CED9 /* Screen Shot 2018-01-24 at 6.32.47 PM.png in Resources */,
				020013632075BCD30087CED9 /* Screen Shot 2018-03-20 at 2.12.07 PM.png in Resources */,
				91E9F7AF2094051D000FDDB6 /* winScreen.png in Resources */,
				02DDC1622097247600704F70 /* scoreboard.txt in Resources */,
				020013842075BCD30087CED9 /* loseScreen.png in Resources */,
				9117BE922096577D003FE954 /* planetOutline.png in Resources */,
				020013872075BCD30087CED9 /* Arial.ttf in Resources */,
				020013662075BCD30087CED9 /* Screen Shot 2018-03-26 at 9.18.21 PM.png in Resources */,
				020013852075BCD30087CED9 /* movingPlayerShip.png in Resources */,
				0200136B2075BCD30087CED9 /* Screen Shot 2018-02-24 at 11.00.31 PM.png in Resources */,
				020013802075BCD30087CED9 /* slider.png in Resources */,
				020013812075BCD30087CED9 /* border.png in Resources */,
				020013622075BCD30087CED9 /* UI Layout.txt in Resources */,
				020013882075BCD30087CED9 /* base.png in Resources */,
				0200138A2075BCD30087CED9 /* mainMenu.png in Resources */,
				91499BB8209763B800DC6DB3 /* alienScreen.png in Resources */,
				0200136F2075BCD30087CED9 /* Screen Shot 2018-01-24 at 6.29.37 PM.png in Resources */,
				02307D002075BE1B00B46A3E /* Assets.xcassets in Resources */,
				020013642075BCD30087CED9 /* Screen Shot 2018-03-24 at 1.00.35 AM.png in Resources */,
				020013652075BCD30087CED9 /* Screen Shot 2018-03-20 at 10.01.55 PM.png in Resources */,
			);
			runOnlyForDeploymentPostprocessing = 0;
		};
/* End PBXResourcesBuildPhase section */

/* Begin PBXSourcesBuildPhase section */
		020012AB20759ED60087CED9 /* Sources */ = {
			isa = PBXSourcesBuildPhase;
			buildActionMask = 2147483647;
			files = (
				020013782075BCD30087CED9 /* GameObject.cpp in Sources */,
				9117BE90209606D6003FE954 /* EventsComponent.cpp in Sources */,
				020013722075BCD30087CED9 /* Map.cpp in Sources */,
				020013772075BCD30087CED9 /* ColliderComponent.cpp in Sources */,
				0200137D2075BCD30087CED9 /* UIManager.cpp in Sources */,
				9117BE722094FD34003FE954 /* EventsPanel.cpp in Sources */,
				020013712075BCD30087CED9 /* ShipInfo.cpp in Sources */,
				020013742075BCD30087CED9 /* TextBox.cpp in Sources */,
				020013762075BCD30087CED9 /* PlanetInfo.cpp in Sources */,
				02DDC15720971D6000704F70 /* Ship.cpp in Sources */,
				02DDC15820971D6000704F70 /* AlienShip.cpp in Sources */,
				0200137F2075BCD30087CED9 /* main.cpp in Sources */,
				020013752075BCD30087CED9 /* Slider.cpp in Sources */,
				020013732075BCD30087CED9 /* TextureManager.cpp in Sources */,
				02DDC15620971D6000704F70 /* PlayerShip.cpp in Sources */,
				0200137B2075BCD30087CED9 /* PlanetManager.cpp in Sources */,
				0200137A2075BCD30087CED9 /* Planet.cpp in Sources */,
				0200137C2075BCD30087CED9 /* ShipManager.cpp in Sources */,
				0200137E2075BCD30087CED9 /* Game.cpp in Sources */,
			);
			runOnlyForDeploymentPostprocessing = 0;
		};
/* End PBXSourcesBuildPhase section */

/* Begin XCBuildConfiguration section */
		020012BE20759ED70087CED9 /* Debug */ = {
			isa = XCBuildConfiguration;
			buildSettings = {
				ALWAYS_SEARCH_USER_PATHS = NO;
				CLANG_ANALYZER_NONNULL = YES;
				CLANG_ANALYZER_NUMBER_OBJECT_CONVERSION = YES_AGGRESSIVE;
				CLANG_CXX_LANGUAGE_STANDARD = "gnu++14";
				CLANG_CXX_LIBRARY = "libc++";
				CLANG_ENABLE_MODULES = YES;
				CLANG_ENABLE_OBJC_ARC = YES;
				CLANG_ENABLE_OBJC_WEAK = YES;
				CLANG_WARN_BLOCK_CAPTURE_AUTORELEASING = YES;
				CLANG_WARN_BOOL_CONVERSION = YES;
				CLANG_WARN_COMMA = YES;
				CLANG_WARN_CONSTANT_CONVERSION = YES;
				CLANG_WARN_DEPRECATED_OBJC_IMPLEMENTATIONS = YES;
				CLANG_WARN_DIRECT_OBJC_ISA_USAGE = YES_ERROR;
				CLANG_WARN_DOCUMENTATION_COMMENTS = YES;
				CLANG_WARN_EMPTY_BODY = YES;
				CLANG_WARN_ENUM_CONVERSION = YES;
				CLANG_WARN_INFINITE_RECURSION = YES;
				CLANG_WARN_INT_CONVERSION = YES;
				CLANG_WARN_NON_LITERAL_NULL_CONVERSION = YES;
				CLANG_WARN_OBJC_IMPLICIT_RETAIN_SELF = YES;
				CLANG_WARN_OBJC_LITERAL_CONVERSION = YES;
				CLANG_WARN_OBJC_ROOT_CLASS = YES_ERROR;
				CLANG_WARN_RANGE_LOOP_ANALYSIS = YES;
				CLANG_WARN_STRICT_PROTOTYPES = YES;
				CLANG_WARN_SUSPICIOUS_MOVE = YES;
				CLANG_WARN_UNGUARDED_AVAILABILITY = YES_AGGRESSIVE;
				CLANG_WARN_UNREACHABLE_CODE = YES;
				CLANG_WARN__DUPLICATE_METHOD_MATCH = YES;
				CODE_SIGN_IDENTITY = "Mac Developer";
				COPY_PHASE_STRIP = NO;
				DEBUG_INFORMATION_FORMAT = dwarf;
				ENABLE_STRICT_OBJC_MSGSEND = YES;
				ENABLE_TESTABILITY = YES;
				GCC_C_LANGUAGE_STANDARD = gnu11;
				GCC_DYNAMIC_NO_PIC = NO;
				GCC_NO_COMMON_BLOCKS = YES;
				GCC_OPTIMIZATION_LEVEL = 0;
				GCC_PREPROCESSOR_DEFINITIONS = (
					"DEBUG=1",
					"$(inherited)",
				);
				GCC_WARN_64_TO_32_BIT_CONVERSION = YES;
				GCC_WARN_ABOUT_RETURN_TYPE = YES_ERROR;
				GCC_WARN_UNDECLARED_SELECTOR = YES;
				GCC_WARN_UNINITIALIZED_AUTOS = YES_AGGRESSIVE;
				GCC_WARN_UNUSED_FUNCTION = YES;
				GCC_WARN_UNUSED_VARIABLE = YES;
				MACOSX_DEPLOYMENT_TARGET = 10.13;
				MTL_ENABLE_DEBUG_INFO = YES;
				ONLY_ACTIVE_ARCH = YES;
				SDKROOT = macosx;
			};
			name = Debug;
		};
		020012BF20759ED70087CED9 /* Release */ = {
			isa = XCBuildConfiguration;
			buildSettings = {
				ALWAYS_SEARCH_USER_PATHS = NO;
				CLANG_ANALYZER_NONNULL = YES;
				CLANG_ANALYZER_NUMBER_OBJECT_CONVERSION = YES_AGGRESSIVE;
				CLANG_CXX_LANGUAGE_STANDARD = "gnu++14";
				CLANG_CXX_LIBRARY = "libc++";
				CLANG_ENABLE_MODULES = YES;
				CLANG_ENABLE_OBJC_ARC = YES;
				CLANG_ENABLE_OBJC_WEAK = YES;
				CLANG_WARN_BLOCK_CAPTURE_AUTORELEASING = YES;
				CLANG_WARN_BOOL_CONVERSION = YES;
				CLANG_WARN_COMMA = YES;
				CLANG_WARN_CONSTANT_CONVERSION = YES;
				CLANG_WARN_DEPRECATED_OBJC_IMPLEMENTATIONS = YES;
				CLANG_WARN_DIRECT_OBJC_ISA_USAGE = YES_ERROR;
				CLANG_WARN_DOCUMENTATION_COMMENTS = YES;
				CLANG_WARN_EMPTY_BODY = YES;
				CLANG_WARN_ENUM_CONVERSION = YES;
				CLANG_WARN_INFINITE_RECURSION = YES;
				CLANG_WARN_INT_CONVERSION = YES;
				CLANG_WARN_NON_LITERAL_NULL_CONVERSION = YES;
				CLANG_WARN_OBJC_IMPLICIT_RETAIN_SELF = YES;
				CLANG_WARN_OBJC_LITERAL_CONVERSION = YES;
				CLANG_WARN_OBJC_ROOT_CLASS = YES_ERROR;
				CLANG_WARN_RANGE_LOOP_ANALYSIS = YES;
				CLANG_WARN_STRICT_PROTOTYPES = YES;
				CLANG_WARN_SUSPICIOUS_MOVE = YES;
				CLANG_WARN_UNGUARDED_AVAILABILITY = YES_AGGRESSIVE;
				CLANG_WARN_UNREACHABLE_CODE = YES;
				CLANG_WARN__DUPLICATE_METHOD_MATCH = YES;
				CODE_SIGN_IDENTITY = "Mac Developer";
				COPY_PHASE_STRIP = NO;
				DEBUG_INFORMATION_FORMAT = "dwarf-with-dsym";
				ENABLE_NS_ASSERTIONS = NO;
				ENABLE_STRICT_OBJC_MSGSEND = YES;
				GCC_C_LANGUAGE_STANDARD = gnu11;
				GCC_NO_COMMON_BLOCKS = YES;
				GCC_WARN_64_TO_32_BIT_CONVERSION = YES;
				GCC_WARN_ABOUT_RETURN_TYPE = YES_ERROR;
				GCC_WARN_UNDECLARED_SELECTOR = YES;
				GCC_WARN_UNINITIALIZED_AUTOS = YES_AGGRESSIVE;
				GCC_WARN_UNUSED_FUNCTION = YES;
				GCC_WARN_UNUSED_VARIABLE = YES;
				MACOSX_DEPLOYMENT_TARGET = 10.13;
				MTL_ENABLE_DEBUG_INFO = NO;
				SDKROOT = macosx;
			};
			name = Release;
		};
		020012C120759ED70087CED9 /* Debug */ = {
			isa = XCBuildConfiguration;
			buildSettings = {
				ASSETCATALOG_COMPILER_APPICON_NAME = AppIcon;
				CODE_SIGN_ENTITLEMENTS = "";
				CODE_SIGN_STYLE = Automatic;
				COMBINE_HIDPI_IMAGES = YES;
				DEVELOPMENT_TEAM = WUP28GH2WB;
				FRAMEWORK_SEARCH_PATHS = "$(SRCROOT)/SDL2/";
				INFOPLIST_FILE = "$(SRCROOT)/Astral Pathfinder/Info.plist";
				LD_RUNPATH_SEARCH_PATHS = (
					"$(inherited)",
					"@executable_path/../Frameworks",
				);
				OTHER_LDFLAGS = (
					"-framework",
					SDL2,
					"-framework",
					SDL2_image,
					"-framework",
					SDL2_ttf,
				);
				PRODUCT_BUNDLE_IDENTIFIER = "HxH.Astral-Pathfinder";
				PRODUCT_NAME = "$(TARGET_NAME)";
			};
			name = Debug;
		};
		020012C220759ED70087CED9 /* Release */ = {
			isa = XCBuildConfiguration;
			buildSettings = {
				ASSETCATALOG_COMPILER_APPICON_NAME = AppIcon;
				CODE_SIGN_ENTITLEMENTS = "";
				CODE_SIGN_STYLE = Automatic;
				COMBINE_HIDPI_IMAGES = YES;
				DEVELOPMENT_TEAM = WUP28GH2WB;
				FRAMEWORK_SEARCH_PATHS = "$(SRCROOT)/SDL2/";
				INFOPLIST_FILE = "$(SRCROOT)/Astral Pathfinder/Info.plist";
				LD_RUNPATH_SEARCH_PATHS = (
					"$(inherited)",
					"@executable_path/../Frameworks",
				);
				OTHER_LDFLAGS = (
					"-framework",
					SDL2,
					"-framework",
					SDL2_image,
					"-framework",
					SDL2_ttf,
				);
				PRODUCT_BUNDLE_IDENTIFIER = "HxH.Astral-Pathfinder";
				PRODUCT_NAME = "$(TARGET_NAME)";
			};
			name = Release;
		};
/* End XCBuildConfiguration section */

/* Begin XCConfigurationList section */
		020012AA20759ED60087CED9 /* Build configuration list for PBXProject "Astral Pathfinder" */ = {
			isa = XCConfigurationList;
			buildConfigurations = (
				020012BE20759ED70087CED9 /* Debug */,
				020012BF20759ED70087CED9 /* Release */,
			);
			defaultConfigurationIsVisible = 0;
			defaultConfigurationName = Release;
		};
		020012C020759ED70087CED9 /* Build configuration list for PBXNativeTarget "Astral Pathfinder" */ = {
			isa = XCConfigurationList;
			buildConfigurations = (
				020012C120759ED70087CED9 /* Debug */,
				020012C220759ED70087CED9 /* Release */,
			);
			defaultConfigurationIsVisible = 0;
			defaultConfigurationName = Release;
		};
/* End XCConfigurationList section */
	};
	rootObject = 020012A720759ED60087CED9 /* Project object */;
}
